// !$*UTF8*$!
{
	archiveVersion = 1;
	classes = {
	};
	objectVersion = 50;
	objects = {

/* Begin PBXBuildFile section */
		C5FF71D146FFC97CFB44534E /* Pods_Lession6___exercise.framework in Frameworks */ = {isa = PBXBuildFile; fileRef = E939B14D59D02678AF1EAFF1 /* Pods_Lession6___exercise.framework */; };
		CA445D732249B807000C6B1D /* AppDelegate.swift in Sources */ = {isa = PBXBuildFile; fileRef = CA445D722249B807000C6B1D /* AppDelegate.swift */; };
		CA445D752249B807000C6B1D /* ViewController.swift in Sources */ = {isa = PBXBuildFile; fileRef = CA445D742249B807000C6B1D /* ViewController.swift */; };
		CA445D782249B807000C6B1D /* Main.storyboard in Resources */ = {isa = PBXBuildFile; fileRef = CA445D762249B807000C6B1D /* Main.storyboard */; };
		CA445D7A2249B809000C6B1D /* Assets.xcassets in Resources */ = {isa = PBXBuildFile; fileRef = CA445D792249B809000C6B1D /* Assets.xcassets */; };
		CA445D7D2249B809000C6B1D /* LaunchScreen.storyboard in Resources */ = {isa = PBXBuildFile; fileRef = CA445D7B2249B809000C6B1D /* LaunchScreen.storyboard */; };
/* End PBXBuildFile section */

/* Begin PBXFileReference section */
		5EE2BCEFB91C94C57E79F97D /* Pods-Lession6 - exercise.release.xcconfig */ = {isa = PBXFileReference; includeInIndex = 1; lastKnownFileType = text.xcconfig; name = "Pods-Lession6 - exercise.release.xcconfig"; path = "Target Support Files/Pods-Lession6 - exercise/Pods-Lession6 - exercise.release.xcconfig"; sourceTree = "<group>"; };
		A021EC62B63FB9B1DC74EA4F /* Pods-Lession6 - exercise.debug.xcconfig */ = {isa = PBXFileReference; includeInIndex = 1; lastKnownFileType = text.xcconfig; name = "Pods-Lession6 - exercise.debug.xcconfig"; path = "Target Support Files/Pods-Lession6 - exercise/Pods-Lession6 - exercise.debug.xcconfig"; sourceTree = "<group>"; };
		CA445D6F2249B807000C6B1D /* Lession6 - exercise.app */ = {isa = PBXFileReference; explicitFileType = wrapper.application; includeInIndex = 0; path = "Lession6 - exercise.app"; sourceTree = BUILT_PRODUCTS_DIR; };
		CA445D722249B807000C6B1D /* AppDelegate.swift */ = {isa = PBXFileReference; lastKnownFileType = sourcecode.swift; path = AppDelegate.swift; sourceTree = "<group>"; };
		CA445D742249B807000C6B1D /* ViewController.swift */ = {isa = PBXFileReference; lastKnownFileType = sourcecode.swift; path = ViewController.swift; sourceTree = "<group>"; };
		CA445D772249B807000C6B1D /* Base */ = {isa = PBXFileReference; lastKnownFileType = file.storyboard; name = Base; path = Base.lproj/Main.storyboard; sourceTree = "<group>"; };
		CA445D792249B809000C6B1D /* Assets.xcassets */ = {isa = PBXFileReference; lastKnownFileType = folder.assetcatalog; path = Assets.xcassets; sourceTree = "<group>"; };
		CA445D7C2249B809000C6B1D /* Base */ = {isa = PBXFileReference; lastKnownFileType = file.storyboard; name = Base; path = Base.lproj/LaunchScreen.storyboard; sourceTree = "<group>"; };
		CA445D7E2249B809000C6B1D /* Info.plist */ = {isa = PBXFileReference; lastKnownFileType = text.plist.xml; path = Info.plist; sourceTree = "<group>"; };
		E939B14D59D02678AF1EAFF1 /* Pods_Lession6___exercise.framework */ = {isa = PBXFileReference; explicitFileType = wrapper.framework; includeInIndex = 0; path = Pods_Lession6___exercise.framework; sourceTree = BUILT_PRODUCTS_DIR; };
/* End PBXFileReference section */

/* Begin PBXFrameworksBuildPhase section */
		CA445D6C2249B807000C6B1D /* Frameworks */ = {
			isa = PBXFrameworksBuildPhase;
			buildActionMask = 2147483647;
			files = (
				C5FF71D146FFC97CFB44534E /* Pods_Lession6___exercise.framework in Frameworks */,
			);
			runOnlyForDeploymentPostprocessing = 0;
		};
/* End PBXFrameworksBuildPhase section */

/* Begin PBXGroup section */
		5DB6B57CA2A2F2F0DA921769 /* Frameworks */ = {
			isa = PBXGroup;
			children = (
				E939B14D59D02678AF1EAFF1 /* Pods_Lession6___exercise.framework */,
			);
			name = Frameworks;
			sourceTree = "<group>";
		};
		6A73FCA119C6A18FB0E3C6CB /* Pods */ = {
			isa = PBXGroup;
			children = (
				A021EC62B63FB9B1DC74EA4F /* Pods-Lession6 - exercise.debug.xcconfig */,
				5EE2BCEFB91C94C57E79F97D /* Pods-Lession6 - exercise.release.xcconfig */,
			);
			path = Pods;
			sourceTree = "<group>";
		};
		CA445D662249B807000C6B1D = {
			isa = PBXGroup;
			children = (
				CA445D712249B807000C6B1D /* Lession6 - exercise */,
				CA445D702249B807000C6B1D /* Products */,
				6A73FCA119C6A18FB0E3C6CB /* Pods */,
				5DB6B57CA2A2F2F0DA921769 /* Frameworks */,
			);
			sourceTree = "<group>";
		};
		CA445D702249B807000C6B1D /* Products */ = {
			isa = PBXGroup;
			children = (
				CA445D6F2249B807000C6B1D /* Lession6 - exercise.app */,
			);
			name = Products;
			sourceTree = "<group>";
		};
		CA445D712249B807000C6B1D /* Lession6 - exercise */ = {
			isa = PBXGroup;
			children = (
				CA445D722249B807000C6B1D /* AppDelegate.swift */,
				CA445D742249B807000C6B1D /* ViewController.swift */,
				CA445D762249B807000C6B1D /* Main.storyboard */,
				CA445D792249B809000C6B1D /* Assets.xcassets */,
				CA445D7B2249B809000C6B1D /* LaunchScreen.storyboard */,
				CA445D7E2249B809000C6B1D /* Info.plist */,
			);
			path = "Lession6 - exercise";
			sourceTree = "<group>";
		};
/* End PBXGroup section */

/* Begin PBXNativeTarget section */
		CA445D6E2249B807000C6B1D /* Lession6 - exercise */ = {
			isa = PBXNativeTarget;
			buildConfigurationList = CA445D812249B809000C6B1D /* Build configuration list for PBXNativeTarget "Lession6 - exercise" */;
			buildPhases = (
				A6AB4728A5E9B9E74104AB6B /* [CP] Check Pods Manifest.lock */,
				CA445D6B2249B807000C6B1D /* Sources */,
				CA445D6C2249B807000C6B1D /* Frameworks */,
				CA445D6D2249B807000C6B1D /* Resources */,
				5A34B4ABAF8FBD6DE22D7BED /* [CP] Embed Pods Frameworks */,
			);
			buildRules = (
			);
			dependencies = (
			);
			name = "Lession6 - exercise";
			productName = "Lession6 - exercise";
			productReference = CA445D6F2249B807000C6B1D /* Lession6 - exercise.app */;
			productType = "com.apple.product-type.application";
		};
/* End PBXNativeTarget section */

/* Begin PBXProject section */
		CA445D672249B807000C6B1D /* Project object */ = {
			isa = PBXProject;
			attributes = {
				LastSwiftUpdateCheck = 1010;
				LastUpgradeCheck = 1010;
				ORGANIZATIONNAME = "Sun-Asterisk Inc.";
				TargetAttributes = {
					CA445D6E2249B807000C6B1D = {
						CreatedOnToolsVersion = 10.1;
						LastSwiftMigration = 1020;
					};
				};
			};
			buildConfigurationList = CA445D6A2249B807000C6B1D /* Build configuration list for PBXProject "Lession6 - exercise" */;
			compatibilityVersion = "Xcode 9.3";
			developmentRegion = en;
			hasScannedForEncodings = 0;
			knownRegions = (
				en,
				Base,
			);
			mainGroup = CA445D662249B807000C6B1D;
			productRefGroup = CA445D702249B807000C6B1D /* Products */;
			projectDirPath = "";
			projectRoot = "";
			targets = (
				CA445D6E2249B807000C6B1D /* Lession6 - exercise */,
			);
		};
/* End PBXProject section */

/* Begin PBXResourcesBuildPhase section */
		CA445D6D2249B807000C6B1D /* Resources */ = {
			isa = PBXResourcesBuildPhase;
			buildActionMask = 2147483647;
			files = (
				CA445D7D2249B809000C6B1D /* LaunchScreen.storyboard in Resources */,
				CA445D7A2249B809000C6B1D /* Assets.xcassets in Resources */,
				CA445D782249B807000C6B1D /* Main.storyboard in Resources */,
			);
			runOnlyForDeploymentPostprocessing = 0;
		};
/* End PBXResourcesBuildPhase section */

/* Begin PBXShellScriptBuildPhase section */
		5A34B4ABAF8FBD6DE22D7BED /* [CP] Embed Pods Frameworks */ = {
			isa = PBXShellScriptBuildPhase;
			buildActionMask = 2147483647;
			files = (
			);
			inputFileListPaths = (
			);
			inputPaths = (
				"${PODS_ROOT}/Target Support Files/Pods-Lession6 - exercise/Pods-Lession6 - exercise-frameworks.sh",
				"${BUILT_PRODUCTS_DIR}/Alamofire/Alamofire.framework",
				"${BUILT_PRODUCTS_DIR}/SwiftyJSON/SwiftyJSON.framework",
			);
			name = "[CP] Embed Pods Frameworks";
			outputFileListPaths = (
			);
			outputPaths = (
				"${TARGET_BUILD_DIR}/${FRAMEWORKS_FOLDER_PATH}/Alamofire.framework",
				"${TARGET_BUILD_DIR}/${FRAMEWORKS_FOLDER_PATH}/SwiftyJSON.framework",
			);
			runOnlyForDeploymentPostprocessing = 0;
			shellPath = /bin/sh;
			shellScript = "\"${PODS_ROOT}/Target Support Files/Pods-Lession6 - exercise/Pods-Lession6 - exercise-frameworks.sh\"\n";
			showEnvVarsInLog = 0;
		};
		A6AB4728A5E9B9E74104AB6B /* [CP] Check Pods Manifest.lock */ = {
			isa = PBXShellScriptBuildPhase;
			buildActionMask = 2147483647;
			files = (
			);
			inputFileListPaths = (
			);
			inputPaths = (
				"${PODS_PODFILE_DIR_PATH}/Podfile.lock",
				"${PODS_ROOT}/Manifest.lock",
			);
			name = "[CP] Check Pods Manifest.lock";
			outputFileListPaths = (
			);
			outputPaths = (
				"$(DERIVED_FILE_DIR)/Pods-Lession6 - exercise-checkManifestLockResult.txt",
			);
			runOnlyForDeploymentPostprocessing = 0;
			shellPath = /bin/sh;
			shellScript = "diff \"${PODS_PODFILE_DIR_PATH}/Podfile.lock\" \"${PODS_ROOT}/Manifest.lock\" > /dev/null\nif [ $? != 0 ] ; then\n    # print error to STDERR\n    echo \"error: The sandbox is not in sync with the Podfile.lock. Run 'pod install' or update your CocoaPods installation.\" >&2\n    exit 1\nfi\n# This output is used by Xcode 'outputs' to avoid re-running this script phase.\necho \"SUCCESS\" > \"${SCRIPT_OUTPUT_FILE_0}\"\n";
			showEnvVarsInLog = 0;
		};
/* End PBXShellScriptBuildPhase section */

/* Begin PBXSourcesBuildPhase section */
		CA445D6B2249B807000C6B1D /* Sources */ = {
			isa = PBXSourcesBuildPhase;
			buildActionMask = 2147483647;
			files = (
				CA445D752249B807000C6B1D /* ViewController.swift in Sources */,
				CA445D732249B807000C6B1D /* AppDelegate.swift in Sources */,
			);
			runOnlyForDeploymentPostprocessing = 0;
		};
/* End PBXSourcesBuildPhase section */

/* Begin PBXVariantGroup section */
		CA445D762249B807000C6B1D /* Main.storyboard */ = {
			isa = PBXVariantGroup;
			children = (
				CA445D772249B807000C6B1D /* Base */,
			);
			name = Main.storyboard;
			sourceTree = "<group>";
		};
		CA445D7B2249B809000C6B1D /* LaunchScreen.storyboard */ = {
			isa = PBXVariantGroup;
			children = (
				CA445D7C2249B809000C6B1D /* Base */,
			);
			name = LaunchScreen.storyboard;
			sourceTree = "<group>";
		};
/* End PBXVariantGroup section */

/* Begin XCBuildConfiguration section */
		CA445D7F2249B809000C6B1D /* Debug */ = {
			isa = XCBuildConfiguration;
			buildSettings = {
				ALWAYS_SEARCH_USER_PATHS = NO;
				CLANG_ANALYZER_NONNULL = YES;
				CLANG_ANALYZER_NUMBER_OBJECT_CONVERSION = YES_AGGRESSIVE;
				CLANG_CXX_LANGUAGE_STANDARD = "gnu++14";
				CLANG_CXX_LIBRARY = "libc++";
				CLANG_ENABLE_MODULES = YES;
				CLANG_ENABLE_OBJC_ARC = YES;
				CLANG_ENABLE_OBJC_WEAK = YES;
				CLANG_WARN_BLOCK_CAPTURE_AUTORELEASING = YES;
				CLANG_WARN_BOOL_CONVERSION = YES;
				CLANG_WARN_COMMA = YES;
				CLANG_WARN_CONSTANT_CONVERSION = YES;
				CLANG_WARN_DEPRECATED_OBJC_IMPLEMENTATIONS = YES;
				CLANG_WARN_DIRECT_OBJC_ISA_USAGE = YES_ERROR;
				CLANG_WARN_DOCUMENTATION_COMMENTS = YES;
				CLANG_WARN_EMPTY_BODY = YES;
				CLANG_WARN_ENUM_CONVERSION = YES;
				CLANG_WARN_INFINITE_RECURSION = YES;
				CLANG_WARN_INT_CONVERSION = YES;
				CLANG_WARN_NON_LITERAL_NULL_CONVERSION = YES;
				CLANG_WARN_OBJC_IMPLICIT_RETAIN_SELF = YES;
				CLANG_WARN_OBJC_LITERAL_CONVERSION = YES;
				CLANG_WARN_OBJC_ROOT_CLASS = YES_ERROR;
				CLANG_WARN_RANGE_LOOP_ANALYSIS = YES;
				CLANG_WARN_STRICT_PROTOTYPES = YES;
				CLANG_WARN_SUSPICIOUS_MOVE = YES;
				CLANG_WARN_UNGUARDED_AVAILABILITY = YES_AGGRESSIVE;
				CLANG_WARN_UNREACHABLE_CODE = YES;
				CLANG_WARN__DUPLICATE_METHOD_MATCH = YES;
				CODE_SIGN_IDENTITY = "iPhone Developer";
				COPY_PHASE_STRIP = NO;
				DEBUG_INFORMATION_FORMAT = dwarf;
				ENABLE_STRICT_OBJC_MSGSEND = YES;
				ENABLE_TESTABILITY = YES;
				GCC_C_LANGUAGE_STANDARD = gnu11;
				GCC_DYNAMIC_NO_PIC = NO;
				GCC_NO_COMMON_BLOCKS = YES;
				GCC_OPTIMIZATION_LEVEL = 0;
				GCC_PREPROCESSOR_DEFINITIONS = (
					"DEBUG=1",
					"$(inherited)",
				);
				GCC_WARN_64_TO_32_BIT_CONVERSION = YES;
				GCC_WARN_ABOUT_RETURN_TYPE = YES_ERROR;
				GCC_WARN_UNDECLARED_SELECTOR = YES;
				GCC_WARN_UNINITIALIZED_AUTOS = YES_AGGRESSIVE;
				GCC_WARN_UNUSED_FUNCTION = YES;
				GCC_WARN_UNUSED_VARIABLE = YES;
				IPHONEOS_DEPLOYMENT_TARGET = 12.1;
				MTL_ENABLE_DEBUG_INFO = INCLUDE_SOURCE;
				MTL_FAST_MATH = YES;
				ONLY_ACTIVE_ARCH = YES;
				SDKROOT = iphoneos;
				SWIFT_ACTIVE_COMPILATION_CONDITIONS = DEBUG;
				SWIFT_OPTIMIZATION_LEVEL = "-Onone";
			};
			name = Debug;
		};
		CA445D802249B809000C6B1D /* Release */ = {
			isa = XCBuildConfiguration;
			buildSettings = {
				ALWAYS_SEARCH_USER_PATHS = NO;
				CLANG_ANALYZER_NONNULL = YES;
				CLANG_ANALYZER_NUMBER_OBJECT_CONVERSION = YES_AGGRESSIVE;
				CLANG_CXX_LANGUAGE_STANDARD = "gnu++14";
				CLANG_CXX_LIBRARY = "libc++";
				CLANG_ENABLE_MODULES = YES;
				CLANG_ENABLE_OBJC_ARC = YES;
				CLANG_ENABLE_OBJC_WEAK = YES;
				CLANG_WARN_BLOCK_CAPTURE_AUTORELEASING = YES;
				CLANG_WARN_BOOL_CONVERSION = YES;
				CLANG_WARN_COMMA = YES;
				CLANG_WARN_CONSTANT_CONVERSION = YES;
				CLANG_WARN_DEPRECATED_OBJC_IMPLEMENTATIONS = YES;
				CLANG_WARN_DIRECT_OBJC_ISA_USAGE = YES_ERROR;
				CLANG_WARN_DOCUMENTATION_COMMENTS = YES;
				CLANG_WARN_EMPTY_BODY = YES;
				CLANG_WARN_ENUM_CONVERSION = YES;
				CLANG_WARN_INFINITE_RECURSION = YES;
				CLANG_WARN_INT_CONVERSION = YES;
				CLANG_WARN_NON_LITERAL_NULL_CONVERSION = YES;
				CLANG_WARN_OBJC_IMPLICIT_RETAIN_SELF = YES;
				CLANG_WARN_OBJC_LITERAL_CONVERSION = YES;
				CLANG_WARN_OBJC_ROOT_CLASS = YES_ERROR;
				CLANG_WARN_RANGE_LOOP_ANALYSIS = YES;
				CLANG_WARN_STRICT_PROTOTYPES = YES;
				CLANG_WARN_SUSPICIOUS_MOVE = YES;
				CLANG_WARN_UNGUARDED_AVAILABILITY = YES_AGGRESSIVE;
				CLANG_WARN_UNREACHABLE_CODE = YES;
				CLANG_WARN__DUPLICATE_METHOD_MATCH = YES;
				CODE_SIGN_IDENTITY = "iPhone Developer";
				COPY_PHASE_STRIP = NO;
				DEBUG_INFORMATION_FORMAT = "dwarf-with-dsym";
				ENABLE_NS_ASSERTIONS = NO;
				ENABLE_STRICT_OBJC_MSGSEND = YES;
				GCC_C_LANGUAGE_STANDARD = gnu11;
				GCC_NO_COMMON_BLOCKS = YES;
				GCC_WARN_64_TO_32_BIT_CONVERSION = YES;
				GCC_WARN_ABOUT_RETURN_TYPE = YES_ERROR;
				GCC_WARN_UNDECLARED_SELECTOR = YES;
				GCC_WARN_UNINITIALIZED_AUTOS = YES_AGGRESSIVE;
				GCC_WARN_UNUSED_FUNCTION = YES;
				GCC_WARN_UNUSED_VARIABLE = YES;
				IPHONEOS_DEPLOYMENT_TARGET = 12.1;
				MTL_ENABLE_DEBUG_INFO = NO;
				MTL_FAST_MATH = YES;
				SDKROOT = iphoneos;
				SWIFT_COMPILATION_MODE = wholemodule;
				SWIFT_OPTIMIZATION_LEVEL = "-O";
				VALIDATE_PRODUCT = YES;
			};
			name = Release;
		};
		CA445D822249B809000C6B1D /* Debug */ = {
			isa = XCBuildConfiguration;
			baseConfigurationReference = A021EC62B63FB9B1DC74EA4F /* Pods-Lession6 - exercise.debug.xcconfig */;
			buildSettings = {
				ASSETCATALOG_COMPILER_APPICON_NAME = AppIcon;
				CODE_SIGN_STYLE = Automatic;
				DEVELOPMENT_TEAM = YB4Z3CB3J8;
				INFOPLIST_FILE = "Lession6 - exercise/Info.plist";
				LD_RUNPATH_SEARCH_PATHS = (
					"$(inherited)",
					"@executable_path/Frameworks",
				);
				PRODUCT_BUNDLE_IDENTIFIER = "com.chuongmd.Lession6---exercise";
				PRODUCT_NAME = "$(TARGET_NAME)";
				SWIFT_VERSION = 5.0;
				TARGETED_DEVICE_FAMILY = "1,2";
			};
			name = Debug;
		};
		CA445D832249B809000C6B1D /* Release */ = {
			isa = XCBuildConfiguration;
			baseConfigurationReference = 5EE2BCEFB91C94C57E79F97D /* Pods-Lession6 - exercise.release.xcconfig */;
			buildSettings = {
				ASSETCATALOG_COMPILER_APPICON_NAME = AppIcon;
				CODE_SIGN_STYLE = Automatic;
				DEVELOPMENT_TEAM = YB4Z3CB3J8;
				INFOPLIST_FILE = "Lession6 - exercise/Info.plist";
				LD_RUNPATH_SEARCH_PATHS = (
					"$(inherited)",
					"@executable_path/Frameworks",
				);
				PRODUCT_BUNDLE_IDENTIFIER = "com.chuongmd.Lession6---exercise";
				PRODUCT_NAME = "$(TARGET_NAME)";
				SWIFT_VERSION = 5.0;
				TARGETED_DEVICE_FAMILY = "1,2";
			};
			name = Release;
		};
/* End XCBuildConfiguration section */

/* Begin XCConfigurationList section */
		CA445D6A2249B807000C6B1D /* Build configuration list for PBXProject "Lession6 - exercise" */ = {
			isa = XCConfigurationList;
			buildConfigurations = (
				CA445D7F2249B809000C6B1D /* Debug */,
				CA445D802249B809000C6B1D /* Release */,
			);
			defaultConfigurationIsVisible = 0;
			defaultConfigurationName = Release;
		};
		CA445D812249B809000C6B1D /* Build configuration list for PBXNativeTarget "Lession6 - exercise" */ = {
			isa = XCConfigurationList;
			buildConfigurations = (
				CA445D822249B809000C6B1D /* Debug */,
				CA445D832249B809000C6B1D /* Release */,
			);
			defaultConfigurationIsVisible = 0;
			defaultConfigurationName = Release;
		};
/* End XCConfigurationList section */
	};
	rootObject = CA445D672249B807000C6B1D /* Project object */;
}
